
Microsoft Visual Studio Solution File, Format Version 12.00
# Visual Studio 14
VisualStudioVersion = 14.0.25420.1
MinimumVisualStudioVersion = 10.0.40219.1
Project("{FAE04EC0-301F-11D3-BF4B-00C04F79EFBC}") = "KPKSliderPuzzle", "KPKSliderPuzzle\KPKSliderPuzzle\KPKSliderPuzzle.csproj", "{B052F030-CE6D-4E85-9724-74D96DD0ECD0}"
EndProject
Project("{FAE04EC0-301F-11D3-BF4B-00C04F79EFBC}") = "KPKSliderPuzzle.Droid", "KPKSliderPuzzle\KPKSliderPuzzle.Droid\KPKSliderPuzzle.Droid.csproj", "{6495D655-05FD-4C82-8A1C-228892544DB7}"
EndProject
Project("{FAE04EC0-301F-11D3-BF4B-00C04F79EFBC}") = "KPKSliderPuzzle.iOS", "KPKSliderPuzzle\KPKSliderPuzzle.iOS\KPKSliderPuzzle.iOS.csproj", "{7EA90EE9-8BD1-4059-BE90-ABEF3981C9E5}"
EndProject
Project("{FAE04EC0-301F-11D3-BF4B-00C04F79EFBC}") = "KPKSliderPuzzle.WinPhone", "KPKSliderPuzzle\KPKSliderPuzzle.WinPhone\KPKSliderPuzzle.WinPhone.csproj", "{07BFA9AF-5D69-40B3-A717-C735D3002EDB}"
EndProject
Project("{FAE04EC0-301F-11D3-BF4B-00C04F79EFBC}") = "KPKSliderPuzzle.UWP", "KPKSliderPuzzle\KPKSliderPuzzle.UWP\KPKSliderPuzzle.UWP.csproj", "{A6511DA6-B362-4E38-B1A2-B85582E7AF8C}"
EndProject
Project("{FAE04EC0-301F-11D3-BF4B-00C04F79EFBC}") = "KPKSliderPuzzle.Windows", "KPKSliderPuzzle\KPKSliderPuzzle.Windows\KPKSliderPuzzle.Windows.csproj", "{9634508A-C65E-48FB-88BE-BDB5F2E6D4FE}"
EndProject
Global
	GlobalSection(SolutionConfigurationPlatforms) = preSolution
		Ad-Hoc|Any CPU = Ad-Hoc|Any CPU
		Ad-Hoc|ARM = Ad-Hoc|ARM
		Ad-Hoc|iPhone = Ad-Hoc|iPhone
		Ad-Hoc|iPhoneSimulator = Ad-Hoc|iPhoneSimulator
		Ad-Hoc|x64 = Ad-Hoc|x64
		Ad-Hoc|x86 = Ad-Hoc|x86
		AppStore|Any CPU = AppStore|Any CPU
		AppStore|ARM = AppStore|ARM
		AppStore|iPhone = AppStore|iPhone
		AppStore|iPhoneSimulator = AppStore|iPhoneSimulator
		AppStore|x64 = AppStore|x64
		AppStore|x86 = AppStore|x86
		Debug|Any CPU = Debug|Any CPU
		Debug|ARM = Debug|ARM
		Debug|iPhone = Debug|iPhone
		Debug|iPhoneSimulator = Debug|iPhoneSimulator
		Debug|x64 = Debug|x64
		Debug|x86 = Debug|x86
		Release|Any CPU = Release|Any CPU
		Release|ARM = Release|ARM
		Release|iPhone = Release|iPhone
		Release|iPhoneSimulator = Release|iPhoneSimulator
		Release|x64 = Release|x64
		Release|x86 = Release|x86
	EndGlobalSection
	GlobalSection(ProjectConfigurationPlatforms) = postSolution
		{B052F030-CE6D-4E85-9724-74D96DD0ECD0}.Ad-Hoc|Any CPU.ActiveCfg = Release|Any CPU
		{B052F030-CE6D-4E85-9724-74D96DD0ECD0}.Ad-Hoc|Any CPU.Build.0 = Release|Any CPU
		{B052F030-CE6D-4E85-9724-74D96DD0ECD0}.Ad-Hoc|ARM.ActiveCfg = Release|Any CPU
		{B052F030-CE6D-4E85-9724-74D96DD0ECD0}.Ad-Hoc|ARM.Build.0 = Release|Any CPU
		{B052F030-CE6D-4E85-9724-74D96DD0ECD0}.Ad-Hoc|iPhone.ActiveCfg = Release|Any CPU
		{B052F030-CE6D-4E85-9724-74D96DD0ECD0}.Ad-Hoc|iPhone.Build.0 = Release|Any CPU
		{B052F030-CE6D-4E85-9724-74D96DD0ECD0}.Ad-Hoc|iPhoneSimulator.ActiveCfg = Release|Any CPU
		{B052F030-CE6D-4E85-9724-74D96DD0ECD0}.Ad-Hoc|iPhoneSimulator.Build.0 = Release|Any CPU
		{B052F030-CE6D-4E85-9724-74D96DD0ECD0}.Ad-Hoc|x64.ActiveCfg = Release|Any CPU
		{B052F030-CE6D-4E85-9724-74D96DD0ECD0}.Ad-Hoc|x64.Build.0 = Release|Any CPU
		{B052F030-CE6D-4E85-9724-74D96DD0ECD0}.Ad-Hoc|x86.ActiveCfg = Release|Any CPU
		{B052F030-CE6D-4E85-9724-74D96DD0ECD0}.Ad-Hoc|x86.Build.0 = Release|Any CPU
		{B052F030-CE6D-4E85-9724-74D96DD0ECD0}.AppStore|Any CPU.ActiveCfg = Release|Any CPU
		{B052F030-CE6D-4E85-9724-74D96DD0ECD0}.AppStore|Any CPU.Build.0 = Release|Any CPU
		{B052F030-CE6D-4E85-9724-74D96DD0ECD0}.AppStore|ARM.ActiveCfg = Release|Any CPU
		{B052F030-CE6D-4E85-9724-74D96DD0ECD0}.AppStore|ARM.Build.0 = Release|Any CPU
		{B052F030-CE6D-4E85-9724-74D96DD0ECD0}.AppStore|iPhone.ActiveCfg = Release|Any CPU
		{B052F030-CE6D-4E85-9724-74D96DD0ECD0}.AppStore|iPhone.Build.0 = Release|Any CPU
		{B052F030-CE6D-4E85-9724-74D96DD0ECD0}.AppStore|iPhoneSimulator.ActiveCfg = Release|Any CPU
		{B052F030-CE6D-4E85-9724-74D96DD0ECD0}.AppStore|iPhoneSimulator.Build.0 = Release|Any CPU
		{B052F030-CE6D-4E85-9724-74D96DD0ECD0}.AppStore|x64.ActiveCfg = Release|Any CPU
		{B052F030-CE6D-4E85-9724-74D96DD0ECD0}.AppStore|x64.Build.0 = Release|Any CPU
		{B052F030-CE6D-4E85-9724-74D96DD0ECD0}.AppStore|x86.ActiveCfg = Release|Any CPU
		{B052F030-CE6D-4E85-9724-74D96DD0ECD0}.AppStore|x86.Build.0 = Release|Any CPU
		{B052F030-CE6D-4E85-9724-74D96DD0ECD0}.Debug|Any CPU.ActiveCfg = Debug|Any CPU
		{B052F030-CE6D-4E85-9724-74D96DD0ECD0}.Debug|Any CPU.Build.0 = Debug|Any CPU
		{B052F030-CE6D-4E85-9724-74D96DD0ECD0}.Debug|ARM.ActiveCfg = Debug|Any CPU
		{B052F030-CE6D-4E85-9724-74D96DD0ECD0}.Debug|ARM.Build.0 = Debug|Any CPU
		{B052F030-CE6D-4E85-9724-74D96DD0ECD0}.Debug|iPhone.ActiveCfg = Debug|Any CPU
		{B052F030-CE6D-4E85-9724-74D96DD0ECD0}.Debug|iPhone.Build.0 = Debug|Any CPU
		{B052F030-CE6D-4E85-9724-74D96DD0ECD0}.Debug|iPhoneSimulator.ActiveCfg = Debug|Any CPU
		{B052F030-CE6D-4E85-9724-74D96DD0ECD0}.Debug|iPhoneSimulator.Build.0 = Debug|Any CPU
		{B052F030-CE6D-4E85-9724-74D96DD0ECD0}.Debug|x64.ActiveCfg = Debug|Any CPU
		{B052F030-CE6D-4E85-9724-74D96DD0ECD0}.Debug|x64.Build.0 = Debug|Any CPU
		{B052F030-CE6D-4E85-9724-74D96DD0ECD0}.Debug|x86.ActiveCfg = Debug|Any CPU
		{B052F030-CE6D-4E85-9724-74D96DD0ECD0}.Debug|x86.Build.0 = Debug|Any CPU
		{B052F030-CE6D-4E85-9724-74D96DD0ECD0}.Release|Any CPU.ActiveCfg = Release|Any CPU
		{B052F030-CE6D-4E85-9724-74D96DD0ECD0}.Release|Any CPU.Build.0 = Release|Any CPU
		{B052F030-CE6D-4E85-9724-74D96DD0ECD0}.Release|ARM.ActiveCfg = Release|Any CPU
		{B052F030-CE6D-4E85-9724-74D96DD0ECD0}.Release|ARM.Build.0 = Release|Any CPU
		{B052F030-CE6D-4E85-9724-74D96DD0ECD0}.Release|iPhone.ActiveCfg = Release|Any CPU
		{B052F030-CE6D-4E85-9724-74D96DD0ECD0}.Release|iPhone.Build.0 = Release|Any CPU
		{B052F030-CE6D-4E85-9724-74D96DD0ECD0}.Release|iPhoneSimulator.ActiveCfg = Release|Any CPU
		{B052F030-CE6D-4E85-9724-74D96DD0ECD0}.Release|iPhoneSimulator.Build.0 = Release|Any CPU
		{B052F030-CE6D-4E85-9724-74D96DD0ECD0}.Release|x64.ActiveCfg = Release|Any CPU
		{B052F030-CE6D-4E85-9724-74D96DD0ECD0}.Release|x64.Build.0 = Release|Any CPU
		{B052F030-CE6D-4E85-9724-74D96DD0ECD0}.Release|x86.ActiveCfg = Release|Any CPU
		{B052F030-CE6D-4E85-9724-74D96DD0ECD0}.Release|x86.Build.0 = Release|Any CPU
		{6495D655-05FD-4C82-8A1C-228892544DB7}.Ad-Hoc|Any CPU.ActiveCfg = Release|Any CPU
		{6495D655-05FD-4C82-8A1C-228892544DB7}.Ad-Hoc|Any CPU.Build.0 = Release|Any CPU
		{6495D655-05FD-4C82-8A1C-228892544DB7}.Ad-Hoc|Any CPU.Deploy.0 = Release|Any CPU
		{6495D655-05FD-4C82-8A1C-228892544DB7}.Ad-Hoc|ARM.ActiveCfg = Release|Any CPU
		{6495D655-05FD-4C82-8A1C-228892544DB7}.Ad-Hoc|ARM.Build.0 = Release|Any CPU
		{6495D655-05FD-4C82-8A1C-228892544DB7}.Ad-Hoc|ARM.Deploy.0 = Release|Any CPU
		{6495D655-05FD-4C82-8A1C-228892544DB7}.Ad-Hoc|iPhone.ActiveCfg = Release|Any CPU
		{6495D655-05FD-4C82-8A1C-228892544DB7}.Ad-Hoc|iPhone.Build.0 = Release|Any CPU
		{6495D655-05FD-4C82-8A1C-228892544DB7}.Ad-Hoc|iPhone.Deploy.0 = Release|Any CPU
		{6495D655-05FD-4C82-8A1C-228892544DB7}.Ad-Hoc|iPhoneSimulator.ActiveCfg = Release|Any CPU
		{6495D655-05FD-4C82-8A1C-228892544DB7}.Ad-Hoc|iPhoneSimulator.Build.0 = Release|Any CPU
		{6495D655-05FD-4C82-8A1C-228892544DB7}.Ad-Hoc|iPhoneSimulator.Deploy.0 = Release|Any CPU
		{6495D655-05FD-4C82-8A1C-228892544DB7}.Ad-Hoc|x64.ActiveCfg = Release|Any CPU
		{6495D655-05FD-4C82-8A1C-228892544DB7}.Ad-Hoc|x64.Build.0 = Release|Any CPU
		{6495D655-05FD-4C82-8A1C-228892544DB7}.Ad-Hoc|x64.Deploy.0 = Release|Any CPU
		{6495D655-05FD-4C82-8A1C-228892544DB7}.Ad-Hoc|x86.ActiveCfg = Release|Any CPU
		{6495D655-05FD-4C82-8A1C-228892544DB7}.Ad-Hoc|x86.Build.0 = Release|Any CPU
		{6495D655-05FD-4C82-8A1C-228892544DB7}.Ad-Hoc|x86.Deploy.0 = Release|Any CPU
		{6495D655-05FD-4C82-8A1C-228892544DB7}.AppStore|Any CPU.ActiveCfg = Release|Any CPU
		{6495D655-05FD-4C82-8A1C-228892544DB7}.AppStore|Any CPU.Build.0 = Release|Any CPU
		{6495D655-05FD-4C82-8A1C-228892544DB7}.AppStore|Any CPU.Deploy.0 = Release|Any CPU
		{6495D655-05FD-4C82-8A1C-228892544DB7}.AppStore|ARM.ActiveCfg = Release|Any CPU
		{6495D655-05FD-4C82-8A1C-228892544DB7}.AppStore|ARM.Build.0 = Release|Any CPU
		{6495D655-05FD-4C82-8A1C-228892544DB7}.AppStore|ARM.Deploy.0 = Release|Any CPU
		{6495D655-05FD-4C82-8A1C-228892544DB7}.AppStore|iPhone.ActiveCfg = Release|Any CPU
		{6495D655-05FD-4C82-8A1C-228892544DB7}.AppStore|iPhone.Build.0 = Release|Any CPU
		{6495D655-05FD-4C82-8A1C-228892544DB7}.AppStore|iPhone.Deploy.0 = Release|Any CPU
		{6495D655-05FD-4C82-8A1C-228892544DB7}.AppStore|iPhoneSimulator.ActiveCfg = Release|Any CPU
		{6495D655-05FD-4C82-8A1C-228892544DB7}.AppStore|iPhoneSimulator.Build.0 = Release|Any CPU
		{6495D655-05FD-4C82-8A1C-228892544DB7}.AppStore|iPhoneSimulator.Deploy.0 = Release|Any CPU
		{6495D655-05FD-4C82-8A1C-228892544DB7}.AppStore|x64.ActiveCfg = Release|Any CPU
		{6495D655-05FD-4C82-8A1C-228892544DB7}.AppStore|x64.Build.0 = Release|Any CPU
		{6495D655-05FD-4C82-8A1C-228892544DB7}.AppStore|x64.Deploy.0 = Release|Any CPU
		{6495D655-05FD-4C82-8A1C-228892544DB7}.AppStore|x86.ActiveCfg = Release|Any CPU
		{6495D655-05FD-4C82-8A1C-228892544DB7}.AppStore|x86.Build.0 = Release|Any CPU
		{6495D655-05FD-4C82-8A1C-228892544DB7}.AppStore|x86.Deploy.0 = Release|Any CPU
		{6495D655-05FD-4C82-8A1C-228892544DB7}.Debug|Any CPU.ActiveCfg = Debug|Any CPU
		{6495D655-05FD-4C82-8A1C-228892544DB7}.Debug|Any CPU.Build.0 = Debug|Any CPU
		{6495D655-05FD-4C82-8A1C-228892544DB7}.Debug|Any CPU.Deploy.0 = Debug|Any CPU
		{6495D655-05FD-4C82-8A1C-228892544DB7}.Debug|ARM.ActiveCfg = Debug|Any CPU
		{6495D655-05FD-4C82-8A1C-228892544DB7}.Debug|ARM.Build.0 = Debug|Any CPU
		{6495D655-05FD-4C82-8A1C-228892544DB7}.Debug|ARM.Deploy.0 = Debug|Any CPU
		{6495D655-05FD-4C82-8A1C-228892544DB7}.Debug|iPhone.ActiveCfg = Debug|Any CPU
		{6495D655-05FD-4C82-8A1C-228892544DB7}.Debug|iPhone.Build.0 = Debug|Any CPU
		{6495D655-05FD-4C82-8A1C-228892544DB7}.Debug|iPhone.Deploy.0 = Debug|Any CPU
		{6495D655-05FD-4C82-8A1C-228892544DB7}.Debug|iPhoneSimulator.ActiveCfg = Debug|Any CPU
		{6495D655-05FD-4C82-8A1C-228892544DB7}.Debug|iPhoneSimulator.Build.0 = Debug|Any CPU
		{6495D655-05FD-4C82-8A1C-228892544DB7}.Debug|iPhoneSimulator.Deploy.0 = Debug|Any CPU
		{6495D655-05FD-4C82-8A1C-228892544DB7}.Debug|x64.ActiveCfg = Debug|Any CPU
		{6495D655-05FD-4C82-8A1C-228892544DB7}.Debug|x64.Build.0 = Debug|Any CPU
		{6495D655-05FD-4C82-8A1C-228892544DB7}.Debug|x64.Deploy.0 = Debug|Any CPU
		{6495D655-05FD-4C82-8A1C-228892544DB7}.Debug|x86.ActiveCfg = Debug|Any CPU
		{6495D655-05FD-4C82-8A1C-228892544DB7}.Debug|x86.Build.0 = Debug|Any CPU
		{6495D655-05FD-4C82-8A1C-228892544DB7}.Debug|x86.Deploy.0 = Debug|Any CPU
		{6495D655-05FD-4C82-8A1C-228892544DB7}.Release|Any CPU.ActiveCfg = Release|Any CPU
		{6495D655-05FD-4C82-8A1C-228892544DB7}.Release|Any CPU.Build.0 = Release|Any CPU
		{6495D655-05FD-4C82-8A1C-228892544DB7}.Release|Any CPU.Deploy.0 = Release|Any CPU
		{6495D655-05FD-4C82-8A1C-228892544DB7}.Release|ARM.ActiveCfg = Release|Any CPU
		{6495D655-05FD-4C82-8A1C-228892544DB7}.Release|ARM.Build.0 = Release|Any CPU
		{6495D655-05FD-4C82-8A1C-228892544DB7}.Release|ARM.Deploy.0 = Release|Any CPU
		{6495D655-05FD-4C82-8A1C-228892544DB7}.Release|iPhone.ActiveCfg = Release|Any CPU
		{6495D655-05FD-4C82-8A1C-228892544DB7}.Release|iPhone.Build.0 = Release|Any CPU
		{6495D655-05FD-4C82-8A1C-228892544DB7}.Release|iPhone.Deploy.0 = Release|Any CPU
		{6495D655-05FD-4C82-8A1C-228892544DB7}.Release|iPhoneSimulator.ActiveCfg = Release|Any CPU
		{6495D655-05FD-4C82-8A1C-228892544DB7}.Release|iPhoneSimulator.Build.0 = Release|Any CPU
		{6495D655-05FD-4C82-8A1C-228892544DB7}.Release|iPhoneSimulator.Deploy.0 = Release|Any CPU
		{6495D655-05FD-4C82-8A1C-228892544DB7}.Release|x64.ActiveCfg = Release|Any CPU
		{6495D655-05FD-4C82-8A1C-228892544DB7}.Release|x64.Build.0 = Release|Any CPU
		{6495D655-05FD-4C82-8A1C-228892544DB7}.Release|x64.Deploy.0 = Release|Any CPU
		{6495D655-05FD-4C82-8A1C-228892544DB7}.Release|x86.ActiveCfg = Release|Any CPU
		{6495D655-05FD-4C82-8A1C-228892544DB7}.Release|x86.Build.0 = Release|Any CPU
		{6495D655-05FD-4C82-8A1C-228892544DB7}.Release|x86.Deploy.0 = Release|Any CPU
		{7EA90EE9-8BD1-4059-BE90-ABEF3981C9E5}.Ad-Hoc|Any CPU.ActiveCfg = Ad-Hoc|iPhone
		{7EA90EE9-8BD1-4059-BE90-ABEF3981C9E5}.Ad-Hoc|ARM.ActiveCfg = Ad-Hoc|iPhone
		{7EA90EE9-8BD1-4059-BE90-ABEF3981C9E5}.Ad-Hoc|iPhone.ActiveCfg = Ad-Hoc|iPhone
		{7EA90EE9-8BD1-4059-BE90-ABEF3981C9E5}.Ad-Hoc|iPhone.Build.0 = Ad-Hoc|iPhone
		{7EA90EE9-8BD1-4059-BE90-ABEF3981C9E5}.Ad-Hoc|iPhoneSimulator.ActiveCfg = Ad-Hoc|iPhoneSimulator
		{7EA90EE9-8BD1-4059-BE90-ABEF3981C9E5}.Ad-Hoc|iPhoneSimulator.Build.0 = Ad-Hoc|iPhoneSimulator
		{7EA90EE9-8BD1-4059-BE90-ABEF3981C9E5}.Ad-Hoc|x64.ActiveCfg = Ad-Hoc|iPhone
		{7EA90EE9-8BD1-4059-BE90-ABEF3981C9E5}.Ad-Hoc|x86.ActiveCfg = Ad-Hoc|iPhone
		{7EA90EE9-8BD1-4059-BE90-ABEF3981C9E5}.AppStore|Any CPU.ActiveCfg = AppStore|iPhone
		{7EA90EE9-8BD1-4059-BE90-ABEF3981C9E5}.AppStore|ARM.ActiveCfg = AppStore|iPhone
		{7EA90EE9-8BD1-4059-BE90-ABEF3981C9E5}.AppStore|iPhone.ActiveCfg = AppStore|iPhone
		{7EA90EE9-8BD1-4059-BE90-ABEF3981C9E5}.AppStore|iPhone.Build.0 = AppStore|iPhone
		{7EA90EE9-8BD1-4059-BE90-ABEF3981C9E5}.AppStore|iPhoneSimulator.ActiveCfg = AppStore|iPhoneSimulator
		{7EA90EE9-8BD1-4059-BE90-ABEF3981C9E5}.AppStore|iPhoneSimulator.Build.0 = AppStore|iPhoneSimulator
		{7EA90EE9-8BD1-4059-BE90-ABEF3981C9E5}.AppStore|x64.ActiveCfg = AppStore|iPhone
		{7EA90EE9-8BD1-4059-BE90-ABEF3981C9E5}.AppStore|x86.ActiveCfg = AppStore|iPhone
		{7EA90EE9-8BD1-4059-BE90-ABEF3981C9E5}.Debug|Any CPU.ActiveCfg = Debug|iPhone
		{7EA90EE9-8BD1-4059-BE90-ABEF3981C9E5}.Debug|ARM.ActiveCfg = Debug|iPhone
		{7EA90EE9-8BD1-4059-BE90-ABEF3981C9E5}.Debug|iPhone.ActiveCfg = Debug|iPhone
		{7EA90EE9-8BD1-4059-BE90-ABEF3981C9E5}.Debug|iPhone.Build.0 = Debug|iPhone
		{7EA90EE9-8BD1-4059-BE90-ABEF3981C9E5}.Debug|iPhoneSimulator.ActiveCfg = Debug|iPhoneSimulator
		{7EA90EE9-8BD1-4059-BE90-ABEF3981C9E5}.Debug|iPhoneSimulator.Build.0 = Debug|iPhoneSimulator
		{7EA90EE9-8BD1-4059-BE90-ABEF3981C9E5}.Debug|x64.ActiveCfg = Debug|iPhone
		{7EA90EE9-8BD1-4059-BE90-ABEF3981C9E5}.Debug|x86.ActiveCfg = Debug|iPhone
		{7EA90EE9-8BD1-4059-BE90-ABEF3981C9E5}.Release|Any CPU.ActiveCfg = Release|iPhone
		{7EA90EE9-8BD1-4059-BE90-ABEF3981C9E5}.Release|ARM.ActiveCfg = Release|iPhone
		{7EA90EE9-8BD1-4059-BE90-ABEF3981C9E5}.Release|iPhone.ActiveCfg = Release|iPhone
		{7EA90EE9-8BD1-4059-BE90-ABEF3981C9E5}.Release|iPhone.Build.0 = Release|iPhone
		{7EA90EE9-8BD1-4059-BE90-ABEF3981C9E5}.Release|iPhoneSimulator.ActiveCfg = Release|iPhoneSimulator
		{7EA90EE9-8BD1-4059-BE90-ABEF3981C9E5}.Release|iPhoneSimulator.Build.0 = Release|iPhoneSimulator
		{7EA90EE9-8BD1-4059-BE90-ABEF3981C9E5}.Release|x64.ActiveCfg = Release|iPhone
		{7EA90EE9-8BD1-4059-BE90-ABEF3981C9E5}.Release|x86.ActiveCfg = Release|iPhone
		{07BFA9AF-5D69-40B3-A717-C735D3002EDB}.Ad-Hoc|Any CPU.ActiveCfg = Release|Any CPU
		{07BFA9AF-5D69-40B3-A717-C735D3002EDB}.Ad-Hoc|Any CPU.Build.0 = Release|Any CPU
		{07BFA9AF-5D69-40B3-A717-C735D3002EDB}.Ad-Hoc|Any CPU.Deploy.0 = Release|Any CPU
		{07BFA9AF-5D69-40B3-A717-C735D3002EDB}.Ad-Hoc|ARM.ActiveCfg = Release|ARM
		{07BFA9AF-5D69-40B3-A717-C735D3002EDB}.Ad-Hoc|ARM.Build.0 = Release|ARM
		{07BFA9AF-5D69-40B3-A717-C735D3002EDB}.Ad-Hoc|ARM.Deploy.0 = Release|ARM
		{07BFA9AF-5D69-40B3-A717-C735D3002EDB}.Ad-Hoc|iPhone.ActiveCfg = Release|Any CPU
		{07BFA9AF-5D69-40B3-A717-C735D3002EDB}.Ad-Hoc|iPhone.Build.0 = Release|Any CPU
		{07BFA9AF-5D69-40B3-A717-C735D3002EDB}.Ad-Hoc|iPhone.Deploy.0 = Release|Any CPU
		{07BFA9AF-5D69-40B3-A717-C735D3002EDB}.Ad-Hoc|iPhoneSimulator.ActiveCfg = Release|Any CPU
		{07BFA9AF-5D69-40B3-A717-C735D3002EDB}.Ad-Hoc|iPhoneSimulator.Build.0 = Release|Any CPU
		{07BFA9AF-5D69-40B3-A717-C735D3002EDB}.Ad-Hoc|iPhoneSimulator.Deploy.0 = Release|Any CPU
		{07BFA9AF-5D69-40B3-A717-C735D3002EDB}.Ad-Hoc|x64.ActiveCfg = Release|Any CPU
		{07BFA9AF-5D69-40B3-A717-C735D3002EDB}.Ad-Hoc|x64.Build.0 = Release|Any CPU
		{07BFA9AF-5D69-40B3-A717-C735D3002EDB}.Ad-Hoc|x64.Deploy.0 = Release|Any CPU
		{07BFA9AF-5D69-40B3-A717-C735D3002EDB}.Ad-Hoc|x86.ActiveCfg = Release|x86
		{07BFA9AF-5D69-40B3-A717-C735D3002EDB}.Ad-Hoc|x86.Build.0 = Release|x86
		{07BFA9AF-5D69-40B3-A717-C735D3002EDB}.Ad-Hoc|x86.Deploy.0 = Release|x86
		{07BFA9AF-5D69-40B3-A717-C735D3002EDB}.AppStore|Any CPU.ActiveCfg = Release|Any CPU
		{07BFA9AF-5D69-40B3-A717-C735D3002EDB}.AppStore|Any CPU.Build.0 = Release|Any CPU
		{07BFA9AF-5D69-40B3-A717-C735D3002EDB}.AppStore|Any CPU.Deploy.0 = Release|Any CPU
		{07BFA9AF-5D69-40B3-A717-C735D3002EDB}.AppStore|ARM.ActiveCfg = Release|ARM
		{07BFA9AF-5D69-40B3-A717-C735D3002EDB}.AppStore|ARM.Build.0 = Release|ARM
		{07BFA9AF-5D69-40B3-A717-C735D3002EDB}.AppStore|ARM.Deploy.0 = Release|ARM
		{07BFA9AF-5D69-40B3-A717-C735D3002EDB}.AppStore|iPhone.ActiveCfg = Release|Any CPU
		{07BFA9AF-5D69-40B3-A717-C735D3002EDB}.AppStore|iPhone.Build.0 = Release|Any CPU
		{07BFA9AF-5D69-40B3-A717-C735D3002EDB}.AppStore|iPhone.Deploy.0 = Release|Any CPU
		{07BFA9AF-5D69-40B3-A717-C735D3002EDB}.AppStore|iPhoneSimulator.ActiveCfg = Release|Any CPU
		{07BFA9AF-5D69-40B3-A717-C735D3002EDB}.AppStore|iPhoneSimulator.Build.0 = Release|Any CPU
		{07BFA9AF-5D69-40B3-A717-C735D3002EDB}.AppStore|iPhoneSimulator.Deploy.0 = Release|Any CPU
		{07BFA9AF-5D69-40B3-A717-C735D3002EDB}.AppStore|x64.ActiveCfg = Release|Any CPU
		{07BFA9AF-5D69-40B3-A717-C735D3002EDB}.AppStore|x64.Build.0 = Release|Any CPU
		{07BFA9AF-5D69-40B3-A717-C735D3002EDB}.AppStore|x64.Deploy.0 = Release|Any CPU
		{07BFA9AF-5D69-40B3-A717-C735D3002EDB}.AppStore|x86.ActiveCfg = Release|x86
		{07BFA9AF-5D69-40B3-A717-C735D3002EDB}.AppStore|x86.Build.0 = Release|x86
		{07BFA9AF-5D69-40B3-A717-C735D3002EDB}.AppStore|x86.Deploy.0 = Release|x86
		{07BFA9AF-5D69-40B3-A717-C735D3002EDB}.Debug|Any CPU.ActiveCfg = Debug|Any CPU
		{07BFA9AF-5D69-40B3-A717-C735D3002EDB}.Debug|Any CPU.Build.0 = Debug|Any CPU
		{07BFA9AF-5D69-40B3-A717-C735D3002EDB}.Debug|Any CPU.Deploy.0 = Debug|Any CPU
		{07BFA9AF-5D69-40B3-A717-C735D3002EDB}.Debug|ARM.ActiveCfg = Debug|ARM
		{07BFA9AF-5D69-40B3-A717-C735D3002EDB}.Debug|ARM.Build.0 = Debug|ARM
		{07BFA9AF-5D69-40B3-A717-C735D3002EDB}.Debug|ARM.Deploy.0 = Debug|ARM
		{07BFA9AF-5D69-40B3-A717-C735D3002EDB}.Debug|iPhone.ActiveCfg = Debug|Any CPU
		{07BFA9AF-5D69-40B3-A717-C735D3002EDB}.Debug|iPhone.Build.0 = Debug|Any CPU
		{07BFA9AF-5D69-40B3-A717-C735D3002EDB}.Debug|iPhone.Deploy.0 = Debug|Any CPU
		{07BFA9AF-5D69-40B3-A717-C735D3002EDB}.Debug|iPhoneSimulator.ActiveCfg = Debug|Any CPU
		{07BFA9AF-5D69-40B3-A717-C735D3002EDB}.Debug|iPhoneSimulator.Build.0 = Debug|Any CPU
		{07BFA9AF-5D69-40B3-A717-C735D3002EDB}.Debug|iPhoneSimulator.Deploy.0 = Debug|Any CPU
		{07BFA9AF-5D69-40B3-A717-C735D3002EDB}.Debug|x64.ActiveCfg = Debug|Any CPU
		{07BFA9AF-5D69-40B3-A717-C735D3002EDB}.Debug|x64.Build.0 = Debug|Any CPU
		{07BFA9AF-5D69-40B3-A717-C735D3002EDB}.Debug|x64.Deploy.0 = Debug|Any CPU
		{07BFA9AF-5D69-40B3-A717-C735D3002EDB}.Debug|x86.ActiveCfg = Debug|x86
		{07BFA9AF-5D69-40B3-A717-C735D3002EDB}.Debug|x86.Build.0 = Debug|x86
		{07BFA9AF-5D69-40B3-A717-C735D3002EDB}.Debug|x86.Deploy.0 = Debug|x86
		{07BFA9AF-5D69-40B3-A717-C735D3002EDB}.Release|Any CPU.ActiveCfg = Release|Any CPU
		{07BFA9AF-5D69-40B3-A717-C735D3002EDB}.Release|Any CPU.Build.0 = Release|Any CPU
		{07BFA9AF-5D69-40B3-A717-C735D3002EDB}.Release|Any CPU.Deploy.0 = Release|Any CPU
		{07BFA9AF-5D69-40B3-A717-C735D3002EDB}.Release|ARM.ActiveCfg = Release|ARM
		{07BFA9AF-5D69-40B3-A717-C735D3002EDB}.Release|ARM.Build.0 = Release|ARM
		{07BFA9AF-5D69-40B3-A717-C735D3002EDB}.Release|ARM.Deploy.0 = Release|ARM
		{07BFA9AF-5D69-40B3-A717-C735D3002EDB}.Release|iPhone.ActiveCfg = Release|Any CPU
		{07BFA9AF-5D69-40B3-A717-C735D3002EDB}.Release|iPhone.Build.0 = Release|Any CPU
		{07BFA9AF-5D69-40B3-A717-C735D3002EDB}.Release|iPhone.Deploy.0 = Release|Any CPU
		{07BFA9AF-5D69-40B3-A717-C735D3002EDB}.Release|iPhoneSimulator.ActiveCfg = Release|Any CPU
		{07BFA9AF-5D69-40B3-A717-C735D3002EDB}.Release|iPhoneSimulator.Build.0 = Release|Any CPU
		{07BFA9AF-5D69-40B3-A717-C735D3002EDB}.Release|iPhoneSimulator.Deploy.0 = Release|Any CPU
		{07BFA9AF-5D69-40B3-A717-C735D3002EDB}.Release|x64.ActiveCfg = Release|Any CPU
		{07BFA9AF-5D69-40B3-A717-C735D3002EDB}.Release|x64.Build.0 = Release|Any CPU
		{07BFA9AF-5D69-40B3-A717-C735D3002EDB}.Release|x64.Deploy.0 = Release|Any CPU
		{07BFA9AF-5D69-40B3-A717-C735D3002EDB}.Release|x86.ActiveCfg = Release|x86
		{07BFA9AF-5D69-40B3-A717-C735D3002EDB}.Release|x86.Build.0 = Release|x86
		{07BFA9AF-5D69-40B3-A717-C735D3002EDB}.Release|x86.Deploy.0 = Release|x86
		{A6511DA6-B362-4E38-B1A2-B85582E7AF8C}.Ad-Hoc|Any CPU.ActiveCfg = Release|x86
		{A6511DA6-B362-4E38-B1A2-B85582E7AF8C}.Ad-Hoc|Any CPU.Build.0 = Release|x86
		{A6511DA6-B362-4E38-B1A2-B85582E7AF8C}.Ad-Hoc|Any CPU.Deploy.0 = Release|x86
		{A6511DA6-B362-4E38-B1A2-B85582E7AF8C}.Ad-Hoc|ARM.ActiveCfg = Release|ARM
		{A6511DA6-B362-4E38-B1A2-B85582E7AF8C}.Ad-Hoc|ARM.Build.0 = Release|ARM
		{A6511DA6-B362-4E38-B1A2-B85582E7AF8C}.Ad-Hoc|ARM.Deploy.0 = Release|ARM
		{A6511DA6-B362-4E38-B1A2-B85582E7AF8C}.Ad-Hoc|iPhone.ActiveCfg = Release|x86
		{A6511DA6-B362-4E38-B1A2-B85582E7AF8C}.Ad-Hoc|iPhone.Build.0 = Release|x86
		{A6511DA6-B362-4E38-B1A2-B85582E7AF8C}.Ad-Hoc|iPhone.Deploy.0 = Release|x86
		{A6511DA6-B362-4E38-B1A2-B85582E7AF8C}.Ad-Hoc|iPhoneSimulator.ActiveCfg = Release|x86
		{A6511DA6-B362-4E38-B1A2-B85582E7AF8C}.Ad-Hoc|iPhoneSimulator.Build.0 = Release|x86
		{A6511DA6-B362-4E38-B1A2-B85582E7AF8C}.Ad-Hoc|iPhoneSimulator.Deploy.0 = Release|x86
		{A6511DA6-B362-4E38-B1A2-B85582E7AF8C}.Ad-Hoc|x64.ActiveCfg = Release|x64
		{A6511DA6-B362-4E38-B1A2-B85582E7AF8C}.Ad-Hoc|x64.Build.0 = Release|x64
		{A6511DA6-B362-4E38-B1A2-B85582E7AF8C}.Ad-Hoc|x64.Deploy.0 = Release|x64
		{A6511DA6-B362-4E38-B1A2-B85582E7AF8C}.Ad-Hoc|x86.ActiveCfg = Release|x86
		{A6511DA6-B362-4E38-B1A2-B85582E7AF8C}.Ad-Hoc|x86.Build.0 = Release|x86
		{A6511DA6-B362-4E38-B1A2-B85582E7AF8C}.Ad-Hoc|x86.Deploy.0 = Release|x86
		{A6511DA6-B362-4E38-B1A2-B85582E7AF8C}.AppStore|Any CPU.ActiveCfg = Release|x86
		{A6511DA6-B362-4E38-B1A2-B85582E7AF8C}.AppStore|Any CPU.Build.0 = Release|x86
		{A6511DA6-B362-4E38-B1A2-B85582E7AF8C}.AppStore|Any CPU.Deploy.0 = Release|x86
		{A6511DA6-B362-4E38-B1A2-B85582E7AF8C}.AppStore|ARM.ActiveCfg = Release|ARM
		{A6511DA6-B362-4E38-B1A2-B85582E7AF8C}.AppStore|ARM.Build.0 = Release|ARM
		{A6511DA6-B362-4E38-B1A2-B85582E7AF8C}.AppStore|ARM.Deploy.0 = Release|ARM
		{A6511DA6-B362-4E38-B1A2-B85582E7AF8C}.AppStore|iPhone.ActiveCfg = Release|x86
		{A6511DA6-B362-4E38-B1A2-B85582E7AF8C}.AppStore|iPhone.Build.0 = Release|x86
		{A6511DA6-B362-4E38-B1A2-B85582E7AF8C}.AppStore|iPhone.Deploy.0 = Release|x86
		{A6511DA6-B362-4E38-B1A2-B85582E7AF8C}.AppStore|iPhoneSimulator.ActiveCfg = Release|x86
		{A6511DA6-B362-4E38-B1A2-B85582E7AF8C}.AppStore|iPhoneSimulator.Build.0 = Release|x86
		{A6511DA6-B362-4E38-B1A2-B85582E7AF8C}.AppStore|iPhoneSimulator.Deploy.0 = Release|x86
		{A6511DA6-B362-4E38-B1A2-B85582E7AF8C}.AppStore|x64.ActiveCfg = Release|x64
		{A6511DA6-B362-4E38-B1A2-B85582E7AF8C}.AppStore|x64.Build.0 = Release|x64
		{A6511DA6-B362-4E38-B1A2-B85582E7AF8C}.AppStore|x64.Deploy.0 = Release|x64
		{A6511DA6-B362-4E38-B1A2-B85582E7AF8C}.AppStore|x86.ActiveCfg = Release|x86
		{A6511DA6-B362-4E38-B1A2-B85582E7AF8C}.AppStore|x86.Build.0 = Release|x86
		{A6511DA6-B362-4E38-B1A2-B85582E7AF8C}.AppStore|x86.Deploy.0 = Release|x86
		{A6511DA6-B362-4E38-B1A2-B85582E7AF8C}.Debug|Any CPU.ActiveCfg = Debug|x86
		{A6511DA6-B362-4E38-B1A2-B85582E7AF8C}.Debug|ARM.ActiveCfg = Debug|ARM
		{A6511DA6-B362-4E38-B1A2-B85582E7AF8C}.Debug|ARM.Build.0 = Debug|ARM
		{A6511DA6-B362-4E38-B1A2-B85582E7AF8C}.Debug|ARM.Deploy.0 = Debug|ARM
		{A6511DA6-B362-4E38-B1A2-B85582E7AF8C}.Debug|iPhone.ActiveCfg = Debug|x86
		{A6511DA6-B362-4E38-B1A2-B85582E7AF8C}.Debug|iPhoneSimulator.ActiveCfg = Debug|x86
		{A6511DA6-B362-4E38-B1A2-B85582E7AF8C}.Debug|x64.ActiveCfg = Debug|x64
		{A6511DA6-B362-4E38-B1A2-B85582E7AF8C}.Debug|x64.Build.0 = Debug|x64
		{A6511DA6-B362-4E38-B1A2-B85582E7AF8C}.Debug|x64.Deploy.0 = Debug|x64
		{A6511DA6-B362-4E38-B1A2-B85582E7AF8C}.Debug|x86.ActiveCfg = Debug|x86
		{A6511DA6-B362-4E38-B1A2-B85582E7AF8C}.Debug|x86.Build.0 = Debug|x86
		{A6511DA6-B362-4E38-B1A2-B85582E7AF8C}.Debug|x86.Deploy.0 = Debug|x86
		{A6511DA6-B362-4E38-B1A2-B85582E7AF8C}.Release|Any CPU.ActiveCfg = Release|x86
		{A6511DA6-B362-4E38-B1A2-B85582E7AF8C}.Release|ARM.ActiveCfg = Release|ARM
		{A6511DA6-B362-4E38-B1A2-B85582E7AF8C}.Release|ARM.Build.0 = Release|ARM
		{A6511DA6-B362-4E38-B1A2-B85582E7AF8C}.Release|ARM.Deploy.0 = Release|ARM
		{A6511DA6-B362-4E38-B1A2-B85582E7AF8C}.Release|iPhone.ActiveCfg = Release|x86
		{A6511DA6-B362-4E38-B1A2-B85582E7AF8C}.Release|iPhoneSimulator.ActiveCfg = Release|x86
		{A6511DA6-B362-4E38-B1A2-B85582E7AF8C}.Release|x64.ActiveCfg = Release|x64
		{A6511DA6-B362-4E38-B1A2-B85582E7AF8C}.Release|x64.Build.0 = Release|x64
		{A6511DA6-B362-4E38-B1A2-B85582E7AF8C}.Release|x64.Deploy.0 = Release|x64
		{A6511DA6-B362-4E38-B1A2-B85582E7AF8C}.Release|x86.ActiveCfg = Release|x86
		{A6511DA6-B362-4E38-B1A2-B85582E7AF8C}.Release|x86.Build.0 = Release|x86
		{A6511DA6-B362-4E38-B1A2-B85582E7AF8C}.Release|x86.Deploy.0 = Release|x86
		{9634508A-C65E-48FB-88BE-BDB5F2E6D4FE}.Ad-Hoc|Any CPU.ActiveCfg = Release|Any CPU
		{9634508A-C65E-48FB-88BE-BDB5F2E6D4FE}.Ad-Hoc|Any CPU.Build.0 = Release|Any CPU
		{9634508A-C65E-48FB-88BE-BDB5F2E6D4FE}.Ad-Hoc|Any CPU.Deploy.0 = Release|Any CPU
		{9634508A-C65E-48FB-88BE-BDB5F2E6D4FE}.Ad-Hoc|ARM.ActiveCfg = Release|ARM
		{9634508A-C65E-48FB-88BE-BDB5F2E6D4FE}.Ad-Hoc|ARM.Build.0 = Release|ARM
		{9634508A-C65E-48FB-88BE-BDB5F2E6D4FE}.Ad-Hoc|ARM.Deploy.0 = Release|ARM
		{9634508A-C65E-48FB-88BE-BDB5F2E6D4FE}.Ad-Hoc|iPhone.ActiveCfg = Release|Any CPU
		{9634508A-C65E-48FB-88BE-BDB5F2E6D4FE}.Ad-Hoc|iPhone.Build.0 = Release|Any CPU
		{9634508A-C65E-48FB-88BE-BDB5F2E6D4FE}.Ad-Hoc|iPhone.Deploy.0 = Release|Any CPU
		{9634508A-C65E-48FB-88BE-BDB5F2E6D4FE}.Ad-Hoc|iPhoneSimulator.ActiveCfg = Release|Any CPU
		{9634508A-C65E-48FB-88BE-BDB5F2E6D4FE}.Ad-Hoc|iPhoneSimulator.Build.0 = Release|Any CPU
		{9634508A-C65E-48FB-88BE-BDB5F2E6D4FE}.Ad-Hoc|iPhoneSimulator.Deploy.0 = Release|Any CPU
		{9634508A-C65E-48FB-88BE-BDB5F2E6D4FE}.Ad-Hoc|x64.ActiveCfg = Release|x64
		{9634508A-C65E-48FB-88BE-BDB5F2E6D4FE}.Ad-Hoc|x64.Build.0 = Release|x64
		{9634508A-C65E-48FB-88BE-BDB5F2E6D4FE}.Ad-Hoc|x64.Deploy.0 = Release|x64
		{9634508A-C65E-48FB-88BE-BDB5F2E6D4FE}.Ad-Hoc|x86.ActiveCfg = Release|x86
		{9634508A-C65E-48FB-88BE-BDB5F2E6D4FE}.Ad-Hoc|x86.Build.0 = Release|x86
		{9634508A-C65E-48FB-88BE-BDB5F2E6D4FE}.Ad-Hoc|x86.Deploy.0 = Release|x86
		{9634508A-C65E-48FB-88BE-BDB5F2E6D4FE}.AppStore|Any CPU.ActiveCfg = Release|Any CPU
		{9634508A-C65E-48FB-88BE-BDB5F2E6D4FE}.AppStore|Any CPU.Build.0 = Release|Any CPU
		{9634508A-C65E-48FB-88BE-BDB5F2E6D4FE}.AppStore|Any CPU.Deploy.0 = Release|Any CPU
		{9634508A-C65E-48FB-88BE-BDB5F2E6D4FE}.AppStore|ARM.ActiveCfg = Release|ARM
		{9634508A-C65E-48FB-88BE-BDB5F2E6D4FE}.AppStore|ARM.Build.0 = Release|ARM
		{9634508A-C65E-48FB-88BE-BDB5F2E6D4FE}.AppStore|ARM.Deploy.0 = Release|ARM
		{9634508A-C65E-48FB-88BE-BDB5F2E6D4FE}.AppStore|iPhone.ActiveCfg = Release|Any CPU
		{9634508A-C65E-48FB-88BE-BDB5F2E6D4FE}.AppStore|iPhone.Build.0 = Release|Any CPU
		{9634508A-C65E-48FB-88BE-BDB5F2E6D4FE}.AppStore|iPhone.Deploy.0 = Release|Any CPU
		{9634508A-C65E-48FB-88BE-BDB5F2E6D4FE}.AppStore|iPhoneSimulator.ActiveCfg = Release|Any CPU
		{9634508A-C65E-48FB-88BE-BDB5F2E6D4FE}.AppStore|iPhoneSimulator.Build.0 = Release|Any CPU
		{9634508A-C65E-48FB-88BE-BDB5F2E6D4FE}.AppStore|iPhoneSimulator.Deploy.0 = Release|Any CPU
		{9634508A-C65E-48FB-88BE-BDB5F2E6D4FE}.AppStore|x64.ActiveCfg = Release|x64
		{9634508A-C65E-48FB-88BE-BDB5F2E6D4FE}.AppStore|x64.Build.0 = Release|x64
		{9634508A-C65E-48FB-88BE-BDB5F2E6D4FE}.AppStore|x64.Deploy.0 = Release|x64
		{9634508A-C65E-48FB-88BE-BDB5F2E6D4FE}.AppStore|x86.ActiveCfg = Release|x86
		{9634508A-C65E-48FB-88BE-BDB5F2E6D4FE}.AppStore|x86.Build.0 = Release|x86
		{9634508A-C65E-48FB-88BE-BDB5F2E6D4FE}.AppStore|x86.Deploy.0 = Release|x86
		{9634508A-C65E-48FB-88BE-BDB5F2E6D4FE}.Debug|Any CPU.ActiveCfg = Debug|Any CPU
		{9634508A-C65E-48FB-88BE-BDB5F2E6D4FE}.Debug|Any CPU.Build.0 = Debug|Any CPU
		{9634508A-C65E-48FB-88BE-BDB5F2E6D4FE}.Debug|Any CPU.Deploy.0 = Debug|Any CPU
		{9634508A-C65E-48FB-88BE-BDB5F2E6D4FE}.Debug|ARM.ActiveCfg = Debug|ARM
		{9634508A-C65E-48FB-88BE-BDB5F2E6D4FE}.Debug|ARM.Build.0 = Debug|ARM
		{9634508A-C65E-48FB-88BE-BDB5F2E6D4FE}.Debug|ARM.Deploy.0 = Debug|ARM
		{9634508A-C65E-48FB-88BE-BDB5F2E6D4FE}.Debug|iPhone.ActiveCfg = Debug|Any CPU
		{9634508A-C65E-48FB-88BE-BDB5F2E6D4FE}.Debug|iPhone.Build.0 = Debug|Any CPU
		{9634508A-C65E-48FB-88BE-BDB5F2E6D4FE}.Debug|iPhone.Deploy.0 = Debug|Any CPU
		{9634508A-C65E-48FB-88BE-BDB5F2E6D4FE}.Debug|iPhoneSimulator.ActiveCfg = Debug|Any CPU
		{9634508A-C65E-48FB-88BE-BDB5F2E6D4FE}.Debug|iPhoneSimulator.Build.0 = Debug|Any CPU
		{9634508A-C65E-48FB-88BE-BDB5F2E6D4FE}.Debug|iPhoneSimulator.Deploy.0 = Debug|Any CPU
		{9634508A-C65E-48FB-88BE-BDB5F2E6D4FE}.Debug|x64.ActiveCfg = Debug|x64
		{9634508A-C65E-48FB-88BE-BDB5F2E6D4FE}.Debug|x64.Build.0 = Debug|x64
		{9634508A-C65E-48FB-88BE-BDB5F2E6D4FE}.Debug|x64.Deploy.0 = Debug|x64
		{9634508A-C65E-48FB-88BE-BDB5F2E6D4FE}.Debug|x86.ActiveCfg = Debug|x86
		{9634508A-C65E-48FB-88BE-BDB5F2E6D4FE}.Debug|x86.Build.0 = Debug|x86
		{9634508A-C65E-48FB-88BE-BDB5F2E6D4FE}.Debug|x86.Deploy.0 = Debug|x86
		{9634508A-C65E-48FB-88BE-BDB5F2E6D4FE}.Release|Any CPU.ActiveCfg = Release|Any CPU
		{9634508A-C65E-48FB-88BE-BDB5F2E6D4FE}.Release|Any CPU.Build.0 = Release|Any CPU
		{9634508A-C65E-48FB-88BE-BDB5F2E6D4FE}.Release|Any CPU.Deploy.0 = Release|Any CPU
		{9634508A-C65E-48FB-88BE-BDB5F2E6D4FE}.Release|ARM.ActiveCfg = Release|ARM
		{9634508A-C65E-48FB-88BE-BDB5F2E6D4FE}.Release|ARM.Build.0 = Release|ARM
		{9634508A-C65E-48FB-88BE-BDB5F2E6D4FE}.Release|ARM.Deploy.0 = Release|ARM
		{9634508A-C65E-48FB-88BE-BDB5F2E6D4FE}.Release|iPhone.ActiveCfg = Release|Any CPU
		{9634508A-C65E-48FB-88BE-BDB5F2E6D4FE}.Release|iPhone.Build.0 = Release|Any CPU
		{9634508A-C65E-48FB-88BE-BDB5F2E6D4FE}.Release|iPhone.Deploy.0 = Release|Any CPU
		{9634508A-C65E-48FB-88BE-BDB5F2E6D4FE}.Release|iPhoneSimulator.ActiveCfg = Release|Any CPU
		{9634508A-C65E-48FB-88BE-BDB5F2E6D4FE}.Release|iPhoneSimulator.Build.0 = Release|Any CPU
		{9634508A-C65E-48FB-88BE-BDB5F2E6D4FE}.Release|iPhoneSimulator.Deploy.0 = Release|Any CPU
		{9634508A-C65E-48FB-88BE-BDB5F2E6D4FE}.Release|x64.ActiveCfg = Release|x64
		{9634508A-C65E-48FB-88BE-BDB5F2E6D4FE}.Release|x64.Build.0 = Release|x64
		{9634508A-C65E-48FB-88BE-BDB5F2E6D4FE}.Release|x64.Deploy.0 = Release|x64
		{9634508A-C65E-48FB-88BE-BDB5F2E6D4FE}.Release|x86.ActiveCfg = Release|x86
		{9634508A-C65E-48FB-88BE-BDB5F2E6D4FE}.Release|x86.Build.0 = Release|x86
		{9634508A-C65E-48FB-88BE-BDB5F2E6D4FE}.Release|x86.Deploy.0 = Release|x86
	EndGlobalSection
	GlobalSection(SolutionProperties) = preSolution
		HideSolutionNode = FALSE
	EndGlobalSection
EndGlobal
